
Microsoft Visual Studio Solution File, Format Version 12.00
# Visual Studio Version 17
VisualStudioVersion = 17.5.33627.172
MinimumVisualStudioVersion = 10.0.40219.1
Project("{9A19103F-16F7-4668-BE54-9A1E7A4F7556}") = "13RomanToInteger", "13RomanToInteger\13RomanToInteger.csproj", "{A275EC8F-F419-4648-A351-8EF463320A79}"
EndProject
Project("{9A19103F-16F7-4668-BE54-9A1E7A4F7556}") = "1TwoSum", "1TwoSum\1TwoSum.csproj", "{618CA176-3FEB-47FD-BB1B-AF8DA5D3A94F}"
EndProject
Project("{9A19103F-16F7-4668-BE54-9A1E7A4F7556}") = "2AddTwoNumbers", "2AddTwoNumbers\2AddTwoNumbers.csproj", "{106ED19C-8035-4CAC-BBD3-279AC4131696}"
EndProject
Project("{9A19103F-16F7-4668-BE54-9A1E7A4F7556}") = "9PalindromeNumber", "9PalindromeNumber\9PalindromeNumber.csproj", "{F2A87DB6-CAB2-40CD-A991-27BADC1B9F57}"
EndProject
Project("{9A19103F-16F7-4668-BE54-9A1E7A4F7556}") = "14LongestCommonPrefix", "14LongestCommonPrefix\14LongestCommonPrefix.csproj", "{EEFF06A0-D403-4B50-B034-832395F2CEF6}"
EndProject
Project("{9A19103F-16F7-4668-BE54-9A1E7A4F7556}") = "703KthLargestElementInAStream", "703KthLargestElementInAStream\703KthLargestElementInAStream.csproj", "{24744F2E-B3A1-466E-B9CB-666C82AC5558}"
EndProject
Project("{9A19103F-16F7-4668-BE54-9A1E7A4F7556}") = "20ValidParentheses", "20ValidParentheses\20ValidParentheses.csproj", "{BD0B3F73-F237-49AD-8389-C0CB6F714B17}"
EndProject
Project("{9A19103F-16F7-4668-BE54-9A1E7A4F7556}") = "21MergeTwoSortedLists", "21MergeTwoSortedLists\21MergeTwoSortedLists.csproj", "{24C25D0F-EEA7-4FC1-BD34-7A4CB0D00ABD}"
EndProject
Project("{9A19103F-16F7-4668-BE54-9A1E7A4F7556}") = "26RemoveDuplicatesFromSortedArray", "26RemoveDuplicatesFromSortedArray\26RemoveDuplicatesFromSortedArray.csproj", "{0FF6C2F9-7360-473E-B3CD-02008AF20D09}"
EndProject
Project("{9A19103F-16F7-4668-BE54-9A1E7A4F7556}") = "27RemoveElement", "27RemoveElement\27RemoveElement.csproj", "{D8BAA763-0888-44B5-A3D8-102AB786D609}"
EndProject
Project("{9A19103F-16F7-4668-BE54-9A1E7A4F7556}") = "28FindTheIndexOfTheFirstOccurrenceInAString", "28FindTheIndexOfTheFirstOccurrenceInAString\28FindTheIndexOfTheFirstOccurrenceInAString.csproj", "{DCB6ADE4-2469-4DE3-8324-12495FA0C98A}"
EndProject
Project("{9A19103F-16F7-4668-BE54-9A1E7A4F7556}") = "35SearchInsertPosition", "35SearchInsertPosition\35SearchInsertPosition.csproj", "{1E7B0EB3-D855-4667-8452-B28F93206C00}"
EndProject
Project("{9A19103F-16F7-4668-BE54-9A1E7A4F7556}") = "704BinarySearch", "704BinarySearch\704BinarySearch.csproj", "{432CE3C9-4DC7-44DD-987F-E42CB59B2E43}"
EndProject
Project("{9A19103F-16F7-4668-BE54-9A1E7A4F7556}") = "66PlusOne", "66PlusOne\66PlusOne.csproj", "{EECFC2FB-311E-47C5-84B7-4C4BE5A2466F}"
EndProject
Project("{9A19103F-16F7-4668-BE54-9A1E7A4F7556}") = "217ContainsDuplicate", "217ContainsDuplicate\217ContainsDuplicate.csproj", "{44948CA3-00F5-476F-B551-BD583738686A}"
EndProject
Project("{9A19103F-16F7-4668-BE54-9A1E7A4F7556}") = "1822SignOfTheProductOfAnArray", "1822SignOfTheProductOfAnArray\1822SignOfTheProductOfAnArray.csproj", "{E88B1C16-7A3C-4DDF-A0E9-8AB7241CB3E0}"
EndProject
Project("{9A19103F-16F7-4668-BE54-9A1E7A4F7556}") = "121BestTimeToBuyAndSellStock", "121BestTimeToBuyAndSellStock\121BestTimeToBuyAndSellStock.csproj", "{B4D3424C-699F-4A2E-9752-5062A99830B6}"
EndProject
Project("{9A19103F-16F7-4668-BE54-9A1E7A4F7556}") = "1491AverageSalaryExcludingTheMinimumAndMaximumSalary", "1491AverageSalaryExcludingTheMinimumAndMaximumSalary\1491AverageSalaryExcludingTheMinimumAndMaximumSalary.csproj", "{DD4410AB-155C-421E-BDF2-CF83BF373D39}"
EndProject
Project("{9A19103F-16F7-4668-BE54-9A1E7A4F7556}") = "70ClimbingStairs", "70ClimbingStairs\70ClimbingStairs.csproj", "{21A429E0-15CA-489B-A49E-48FDB3710C16}"
EndProject
Project("{9A19103F-16F7-4668-BE54-9A1E7A4F7556}") = "3LongestSubstringWithoutRepeatingCharacters", "3LongestSubstringWithoutRepeatingCharacters\3LongestSubstringWithoutRepeatingCharacters.csproj", "{9293C5AE-E5D5-4764-A6BE-D64F05C1452A}"
EndProject
Project("{9A19103F-16F7-4668-BE54-9A1E7A4F7556}") = "53MaximumSubarray", "53MaximumSubarray\53MaximumSubarray.csproj", "{34312D5A-AF02-41A5-9E75-782D6FBB4897}"
EndProject
Project("{9A19103F-16F7-4668-BE54-9A1E7A4F7556}") = "5LongestPalindromicSubstring", "5LongestPalindromicSubstring\5LongestPalindromicSubstring.csproj", "{C4412F57-5492-469C-8C70-B8186A45FBAD}"
EndProject
Project("{2150E333-8FDC-42A3-9474-1A3956D46DE8}") = "1to100", "1to100", "{3D2485C9-A3B5-4F1F-BCA7-8B3E447EC284}"
	ProjectSection(SolutionItems) = preProject
		219.Contains Duplicate II.cs = 219.Contains Duplicate II.cs
	EndProjectSection
EndProject
Project("{2150E333-8FDC-42A3-9474-1A3956D46DE8}") = "101to200", "101to200", "{7F5A8CF3-82BD-48A3-99F0-F99A54B12CCC}"
	ProjectSection(SolutionItems) = preProject
		203.Remove Linked List Elements.cs = 203.Remove Linked List Elements.cs
	EndProjectSection
EndProject
Project("{2150E333-8FDC-42A3-9474-1A3956D46DE8}") = "701to800", "701to800", "{E96080B3-43F9-4061-8BA7-A01B1829DAB4}"
EndProject
Project("{2150E333-8FDC-42A3-9474-1A3956D46DE8}") = "1801to1900", "1801to1900", "{C6A4794A-0E16-4670-B7F1-6EFFEEB01A83}"
EndProject
Project("{2150E333-8FDC-42A3-9474-1A3956D46DE8}") = "1401to1500", "1401to1500", "{3ACE1D73-8BB4-4247-9FB2-2C255AE81956}"
EndProject
Project("{9A19103F-16F7-4668-BE54-9A1E7A4F7556}") = "67AddBinary", "67AddBinary\67AddBinary.csproj", "{3DED816D-A42D-40D9-9033-E8A9786F67E9}"
EndProject
Project("{9A19103F-16F7-4668-BE54-9A1E7A4F7556}") = "58LengthOfLastWord", "58LengthOfLastWord\58LengthOfLastWord.csproj", "{EC9A15B1-671B-4B9F-B610-D73870344F5D}"
EndProject
Project("{9A19103F-16F7-4668-BE54-9A1E7A4F7556}") = "125ValidPalindrome", "125ValidPalindrome\125ValidPalindrome.csproj", "{49992720-7E9D-4D16-A2A2-46DC3AC90B26}"
EndProject
Project("{9A19103F-16F7-4668-BE54-9A1E7A4F7556}") = "112PathSum", "112PathSum\112PathSum.csproj", "{D0D4CC91-CA16-4D06-BA73-4473C720443C}"
EndProject
Project("{9A19103F-16F7-4668-BE54-9A1E7A4F7556}") = "118PascalsTriangle", "118PascalsTriangle\118PascalsTriangle.csproj", "{9800A553-51D5-46AB-A9DC-B402AB141F3E}"
EndProject
Project("{9A19103F-16F7-4668-BE54-9A1E7A4F7556}") = "6ZigzagConversion", "6ZigzagConversion\6ZigzagConversion.csproj", "{243FDCC7-BAA4-462A-A54C-3E3F1A118CBB}"
EndProject
Project("{9A19103F-16F7-4668-BE54-9A1E7A4F7556}") = "7ReverseInteger", "7ReverseInteger\7ReverseInteger.csproj", "{0F1F8D33-FC3C-4301-8608-8D0446ECF87C}"
EndProject
Project("{2150E333-8FDC-42A3-9474-1A3956D46DE8}") = "201to300", "201to300", "{7A98AB9B-C6CF-481B-8E7E-C72F75FB76AC}"
	ProjectSection(SolutionItems) = preProject
		202.Happy Number.cs = 202.Happy Number.cs
		205.IsomorphicStrings.cs = 205.IsomorphicStrings.cs
		214.Shortest Palindrome.cs = 214.Shortest Palindrome.cs
		221.Maximal Square.cs = 221.Maximal Square.cs
	EndProjectSection
EndProject
Project("{2150E333-8FDC-42A3-9474-1A3956D46DE8}") = "3001to3100", "3001to3100", "{2A34CD4B-2F97-4000-9727-A50E915DEA51}"
	ProjectSection(SolutionItems) = preProject
		3005.Count Elements With Maximum Frequency.cs = 3005.Count Elements With Maximum Frequency.cs
	EndProjectSection
EndProject
Project("{2150E333-8FDC-42A3-9474-1A3956D46DE8}") = "1201to1300", "1201to1300", "{592E4ACE-217E-4C79-AC48-3918F70EE375}"
	ProjectSection(SolutionItems) = preProject
		1239.Maximum Length of a Concatenated String with Unique Characters.cs = 1239.Maximum Length of a Concatenated String with Unique Characters.cs
	EndProjectSection
EndProject
Global
	GlobalSection(SolutionConfigurationPlatforms) = preSolution
		Debug|Any CPU = Debug|Any CPU
		Release|Any CPU = Release|Any CPU
	EndGlobalSection
	GlobalSection(ProjectConfigurationPlatforms) = postSolution
		{A275EC8F-F419-4648-A351-8EF463320A79}.Debug|Any CPU.ActiveCfg = Debug|Any CPU
		{A275EC8F-F419-4648-A351-8EF463320A79}.Debug|Any CPU.Build.0 = Debug|Any CPU
		{A275EC8F-F419-4648-A351-8EF463320A79}.Release|Any CPU.ActiveCfg = Release|Any CPU
		{A275EC8F-F419-4648-A351-8EF463320A79}.Release|Any CPU.Build.0 = Release|Any CPU
		{618CA176-3FEB-47FD-BB1B-AF8DA5D3A94F}.Debug|Any CPU.ActiveCfg = Debug|Any CPU
		{618CA176-3FEB-47FD-BB1B-AF8DA5D3A94F}.Debug|Any CPU.Build.0 = Debug|Any CPU
		{618CA176-3FEB-47FD-BB1B-AF8DA5D3A94F}.Release|Any CPU.ActiveCfg = Release|Any CPU
		{618CA176-3FEB-47FD-BB1B-AF8DA5D3A94F}.Release|Any CPU.Build.0 = Release|Any CPU
		{106ED19C-8035-4CAC-BBD3-279AC4131696}.Debug|Any CPU.ActiveCfg = Debug|Any CPU
		{106ED19C-8035-4CAC-BBD3-279AC4131696}.Debug|Any CPU.Build.0 = Debug|Any CPU
		{106ED19C-8035-4CAC-BBD3-279AC4131696}.Release|Any CPU.ActiveCfg = Release|Any CPU
		{106ED19C-8035-4CAC-BBD3-279AC4131696}.Release|Any CPU.Build.0 = Release|Any CPU
		{F2A87DB6-CAB2-40CD-A991-27BADC1B9F57}.Debug|Any CPU.ActiveCfg = Debug|Any CPU
		{F2A87DB6-CAB2-40CD-A991-27BADC1B9F57}.Debug|Any CPU.Build.0 = Debug|Any CPU
		{F2A87DB6-CAB2-40CD-A991-27BADC1B9F57}.Release|Any CPU.ActiveCfg = Release|Any CPU
		{F2A87DB6-CAB2-40CD-A991-27BADC1B9F57}.Release|Any CPU.Build.0 = Release|Any CPU
		{EEFF06A0-D403-4B50-B034-832395F2CEF6}.Debug|Any CPU.ActiveCfg = Debug|Any CPU
		{EEFF06A0-D403-4B50-B034-832395F2CEF6}.Debug|Any CPU.Build.0 = Debug|Any CPU
		{EEFF06A0-D403-4B50-B034-832395F2CEF6}.Release|Any CPU.ActiveCfg = Release|Any CPU
		{EEFF06A0-D403-4B50-B034-832395F2CEF6}.Release|Any CPU.Build.0 = Release|Any CPU
		{24744F2E-B3A1-466E-B9CB-666C82AC5558}.Debug|Any CPU.ActiveCfg = Debug|Any CPU
		{24744F2E-B3A1-466E-B9CB-666C82AC5558}.Debug|Any CPU.Build.0 = Debug|Any CPU
		{24744F2E-B3A1-466E-B9CB-666C82AC5558}.Release|Any CPU.ActiveCfg = Release|Any CPU
		{24744F2E-B3A1-466E-B9CB-666C82AC5558}.Release|Any CPU.Build.0 = Release|Any CPU
		{BD0B3F73-F237-49AD-8389-C0CB6F714B17}.Debug|Any CPU.ActiveCfg = Debug|Any CPU
		{BD0B3F73-F237-49AD-8389-C0CB6F714B17}.Debug|Any CPU.Build.0 = Debug|Any CPU
		{BD0B3F73-F237-49AD-8389-C0CB6F714B17}.Release|Any CPU.ActiveCfg = Release|Any CPU
		{BD0B3F73-F237-49AD-8389-C0CB6F714B17}.Release|Any CPU.Build.0 = Release|Any CPU
		{24C25D0F-EEA7-4FC1-BD34-7A4CB0D00ABD}.Debug|Any CPU.ActiveCfg = Debug|Any CPU
		{24C25D0F-EEA7-4FC1-BD34-7A4CB0D00ABD}.Debug|Any CPU.Build.0 = Debug|Any CPU
		{24C25D0F-EEA7-4FC1-BD34-7A4CB0D00ABD}.Release|Any CPU.ActiveCfg = Release|Any CPU
		{24C25D0F-EEA7-4FC1-BD34-7A4CB0D00ABD}.Release|Any CPU.Build.0 = Release|Any CPU
		{0FF6C2F9-7360-473E-B3CD-02008AF20D09}.Debug|Any CPU.ActiveCfg = Debug|Any CPU
		{0FF6C2F9-7360-473E-B3CD-02008AF20D09}.Debug|Any CPU.Build.0 = Debug|Any CPU
		{0FF6C2F9-7360-473E-B3CD-02008AF20D09}.Release|Any CPU.ActiveCfg = Release|Any CPU
		{0FF6C2F9-7360-473E-B3CD-02008AF20D09}.Release|Any CPU.Build.0 = Release|Any CPU
		{D8BAA763-0888-44B5-A3D8-102AB786D609}.Debug|Any CPU.ActiveCfg = Debug|Any CPU
		{D8BAA763-0888-44B5-A3D8-102AB786D609}.Debug|Any CPU.Build.0 = Debug|Any CPU
		{D8BAA763-0888-44B5-A3D8-102AB786D609}.Release|Any CPU.ActiveCfg = Release|Any CPU
		{D8BAA763-0888-44B5-A3D8-102AB786D609}.Release|Any CPU.Build.0 = Release|Any CPU
		{DCB6ADE4-2469-4DE3-8324-12495FA0C98A}.Debug|Any CPU.ActiveCfg = Debug|Any CPU
		{DCB6ADE4-2469-4DE3-8324-12495FA0C98A}.Debug|Any CPU.Build.0 = Debug|Any CPU
		{DCB6ADE4-2469-4DE3-8324-12495FA0C98A}.Release|Any CPU.ActiveCfg = Release|Any CPU
		{DCB6ADE4-2469-4DE3-8324-12495FA0C98A}.Release|Any CPU.Build.0 = Release|Any CPU
		{1E7B0EB3-D855-4667-8452-B28F93206C00}.Debug|Any CPU.ActiveCfg = Debug|Any CPU
		{1E7B0EB3-D855-4667-8452-B28F93206C00}.Debug|Any CPU.Build.0 = Debug|Any CPU
		{1E7B0EB3-D855-4667-8452-B28F93206C00}.Release|Any CPU.ActiveCfg = Release|Any CPU
		{1E7B0EB3-D855-4667-8452-B28F93206C00}.Release|Any CPU.Build.0 = Release|Any CPU
		{432CE3C9-4DC7-44DD-987F-E42CB59B2E43}.Debug|Any CPU.ActiveCfg = Debug|Any CPU
		{432CE3C9-4DC7-44DD-987F-E42CB59B2E43}.Debug|Any CPU.Build.0 = Debug|Any CPU
		{432CE3C9-4DC7-44DD-987F-E42CB59B2E43}.Release|Any CPU.ActiveCfg = Release|Any CPU
		{432CE3C9-4DC7-44DD-987F-E42CB59B2E43}.Release|Any CPU.Build.0 = Release|Any CPU
		{EECFC2FB-311E-47C5-84B7-4C4BE5A2466F}.Debug|Any CPU.ActiveCfg = Debug|Any CPU
		{EECFC2FB-311E-47C5-84B7-4C4BE5A2466F}.Debug|Any CPU.Build.0 = Debug|Any CPU
		{EECFC2FB-311E-47C5-84B7-4C4BE5A2466F}.Release|Any CPU.ActiveCfg = Release|Any CPU
		{EECFC2FB-311E-47C5-84B7-4C4BE5A2466F}.Release|Any CPU.Build.0 = Release|Any CPU
		{44948CA3-00F5-476F-B551-BD583738686A}.Debug|Any CPU.ActiveCfg = Debug|Any CPU
		{44948CA3-00F5-476F-B551-BD583738686A}.Debug|Any CPU.Build.0 = Debug|Any CPU
		{44948CA3-00F5-476F-B551-BD583738686A}.Release|Any CPU.ActiveCfg = Release|Any CPU
		{44948CA3-00F5-476F-B551-BD583738686A}.Release|Any CPU.Build.0 = Release|Any CPU
		{E88B1C16-7A3C-4DDF-A0E9-8AB7241CB3E0}.Debug|Any CPU.ActiveCfg = Debug|Any CPU
		{E88B1C16-7A3C-4DDF-A0E9-8AB7241CB3E0}.Debug|Any CPU.Build.0 = Debug|Any CPU
		{E88B1C16-7A3C-4DDF-A0E9-8AB7241CB3E0}.Release|Any CPU.ActiveCfg = Release|Any CPU
		{E88B1C16-7A3C-4DDF-A0E9-8AB7241CB3E0}.Release|Any CPU.Build.0 = Release|Any CPU
		{B4D3424C-699F-4A2E-9752-5062A99830B6}.Debug|Any CPU.ActiveCfg = Debug|Any CPU
		{B4D3424C-699F-4A2E-9752-5062A99830B6}.Debug|Any CPU.Build.0 = Debug|Any CPU
		{B4D3424C-699F-4A2E-9752-5062A99830B6}.Release|Any CPU.ActiveCfg = Release|Any CPU
		{B4D3424C-699F-4A2E-9752-5062A99830B6}.Release|Any CPU.Build.0 = Release|Any CPU
		{DD4410AB-155C-421E-BDF2-CF83BF373D39}.Debug|Any CPU.ActiveCfg = Debug|Any CPU
		{DD4410AB-155C-421E-BDF2-CF83BF373D39}.Debug|Any CPU.Build.0 = Debug|Any CPU
		{DD4410AB-155C-421E-BDF2-CF83BF373D39}.Release|Any CPU.ActiveCfg = Release|Any CPU
		{DD4410AB-155C-421E-BDF2-CF83BF373D39}.Release|Any CPU.Build.0 = Release|Any CPU
		{21A429E0-15CA-489B-A49E-48FDB3710C16}.Debug|Any CPU.ActiveCfg = Debug|Any CPU
		{21A429E0-15CA-489B-A49E-48FDB3710C16}.Debug|Any CPU.Build.0 = Debug|Any CPU
		{21A429E0-15CA-489B-A49E-48FDB3710C16}.Release|Any CPU.ActiveCfg = Release|Any CPU
		{21A429E0-15CA-489B-A49E-48FDB3710C16}.Release|Any CPU.Build.0 = Release|Any CPU
		{9293C5AE-E5D5-4764-A6BE-D64F05C1452A}.Debug|Any CPU.ActiveCfg = Debug|Any CPU
		{9293C5AE-E5D5-4764-A6BE-D64F05C1452A}.Debug|Any CPU.Build.0 = Debug|Any CPU
		{9293C5AE-E5D5-4764-A6BE-D64F05C1452A}.Release|Any CPU.ActiveCfg = Release|Any CPU
		{9293C5AE-E5D5-4764-A6BE-D64F05C1452A}.Release|Any CPU.Build.0 = Release|Any CPU
		{34312D5A-AF02-41A5-9E75-782D6FBB4897}.Debug|Any CPU.ActiveCfg = Debug|Any CPU
		{34312D5A-AF02-41A5-9E75-782D6FBB4897}.Debug|Any CPU.Build.0 = Debug|Any CPU
		{34312D5A-AF02-41A5-9E75-782D6FBB4897}.Release|Any CPU.ActiveCfg = Release|Any CPU
		{34312D5A-AF02-41A5-9E75-782D6FBB4897}.Release|Any CPU.Build.0 = Release|Any CPU
		{C4412F57-5492-469C-8C70-B8186A45FBAD}.Debug|Any CPU.ActiveCfg = Debug|Any CPU
		{C4412F57-5492-469C-8C70-B8186A45FBAD}.Debug|Any CPU.Build.0 = Debug|Any CPU
		{C4412F57-5492-469C-8C70-B8186A45FBAD}.Release|Any CPU.ActiveCfg = Release|Any CPU
		{C4412F57-5492-469C-8C70-B8186A45FBAD}.Release|Any CPU.Build.0 = Release|Any CPU
		{3DED816D-A42D-40D9-9033-E8A9786F67E9}.Debug|Any CPU.ActiveCfg = Debug|Any CPU
		{3DED816D-A42D-40D9-9033-E8A9786F67E9}.Debug|Any CPU.Build.0 = Debug|Any CPU
		{3DED816D-A42D-40D9-9033-E8A9786F67E9}.Release|Any CPU.ActiveCfg = Release|Any CPU
		{3DED816D-A42D-40D9-9033-E8A9786F67E9}.Release|Any CPU.Build.0 = Release|Any CPU
		{EC9A15B1-671B-4B9F-B610-D73870344F5D}.Debug|Any CPU.ActiveCfg = Debug|Any CPU
		{EC9A15B1-671B-4B9F-B610-D73870344F5D}.Debug|Any CPU.Build.0 = Debug|Any CPU
		{EC9A15B1-671B-4B9F-B610-D73870344F5D}.Release|Any CPU.ActiveCfg = Release|Any CPU
		{EC9A15B1-671B-4B9F-B610-D73870344F5D}.Release|Any CPU.Build.0 = Release|Any CPU
		{49992720-7E9D-4D16-A2A2-46DC3AC90B26}.Debug|Any CPU.ActiveCfg = Debug|Any CPU
		{49992720-7E9D-4D16-A2A2-46DC3AC90B26}.Debug|Any CPU.Build.0 = Debug|Any CPU
		{49992720-7E9D-4D16-A2A2-46DC3AC90B26}.Release|Any CPU.ActiveCfg = Release|Any CPU
		{49992720-7E9D-4D16-A2A2-46DC3AC90B26}.Release|Any CPU.Build.0 = Release|Any CPU
		{D0D4CC91-CA16-4D06-BA73-4473C720443C}.Debug|Any CPU.ActiveCfg = Debug|Any CPU
		{D0D4CC91-CA16-4D06-BA73-4473C720443C}.Debug|Any CPU.Build.0 = Debug|Any CPU
		{D0D4CC91-CA16-4D06-BA73-4473C720443C}.Release|Any CPU.ActiveCfg = Release|Any CPU
		{D0D4CC91-CA16-4D06-BA73-4473C720443C}.Release|Any CPU.Build.0 = Release|Any CPU
		{9800A553-51D5-46AB-A9DC-B402AB141F3E}.Debug|Any CPU.ActiveCfg = Debug|Any CPU
		{9800A553-51D5-46AB-A9DC-B402AB141F3E}.Debug|Any CPU.Build.0 = Debug|Any CPU
		{9800A553-51D5-46AB-A9DC-B402AB141F3E}.Release|Any CPU.ActiveCfg = Release|Any CPU
		{9800A553-51D5-46AB-A9DC-B402AB141F3E}.Release|Any CPU.Build.0 = Release|Any CPU
		{243FDCC7-BAA4-462A-A54C-3E3F1A118CBB}.Debug|Any CPU.ActiveCfg = Debug|Any CPU
		{243FDCC7-BAA4-462A-A54C-3E3F1A118CBB}.Debug|Any CPU.Build.0 = Debug|Any CPU
		{243FDCC7-BAA4-462A-A54C-3E3F1A118CBB}.Release|Any CPU.ActiveCfg = Release|Any CPU
		{243FDCC7-BAA4-462A-A54C-3E3F1A118CBB}.Release|Any CPU.Build.0 = Release|Any CPU
		{0F1F8D33-FC3C-4301-8608-8D0446ECF87C}.Debug|Any CPU.ActiveCfg = Debug|Any CPU
		{0F1F8D33-FC3C-4301-8608-8D0446ECF87C}.Debug|Any CPU.Build.0 = Debug|Any CPU
		{0F1F8D33-FC3C-4301-8608-8D0446ECF87C}.Release|Any CPU.ActiveCfg = Release|Any CPU
		{0F1F8D33-FC3C-4301-8608-8D0446ECF87C}.Release|Any CPU.Build.0 = Release|Any CPU
	EndGlobalSection
	GlobalSection(SolutionProperties) = preSolution
		HideSolutionNode = FALSE
	EndGlobalSection
	GlobalSection(NestedProjects) = preSolution
		{A275EC8F-F419-4648-A351-8EF463320A79} = {3D2485C9-A3B5-4F1F-BCA7-8B3E447EC284}
		{618CA176-3FEB-47FD-BB1B-AF8DA5D3A94F} = {3D2485C9-A3B5-4F1F-BCA7-8B3E447EC284}
		{106ED19C-8035-4CAC-BBD3-279AC4131696} = {3D2485C9-A3B5-4F1F-BCA7-8B3E447EC284}
		{F2A87DB6-CAB2-40CD-A991-27BADC1B9F57} = {3D2485C9-A3B5-4F1F-BCA7-8B3E447EC284}
		{EEFF06A0-D403-4B50-B034-832395F2CEF6} = {3D2485C9-A3B5-4F1F-BCA7-8B3E447EC284}
		{24744F2E-B3A1-466E-B9CB-666C82AC5558} = {E96080B3-43F9-4061-8BA7-A01B1829DAB4}
		{BD0B3F73-F237-49AD-8389-C0CB6F714B17} = {3D2485C9-A3B5-4F1F-BCA7-8B3E447EC284}
		{24C25D0F-EEA7-4FC1-BD34-7A4CB0D00ABD} = {3D2485C9-A3B5-4F1F-BCA7-8B3E447EC284}
		{0FF6C2F9-7360-473E-B3CD-02008AF20D09} = {3D2485C9-A3B5-4F1F-BCA7-8B3E447EC284}
		{D8BAA763-0888-44B5-A3D8-102AB786D609} = {3D2485C9-A3B5-4F1F-BCA7-8B3E447EC284}
		{DCB6ADE4-2469-4DE3-8324-12495FA0C98A} = {3D2485C9-A3B5-4F1F-BCA7-8B3E447EC284}
		{1E7B0EB3-D855-4667-8452-B28F93206C00} = {3D2485C9-A3B5-4F1F-BCA7-8B3E447EC284}
		{432CE3C9-4DC7-44DD-987F-E42CB59B2E43} = {E96080B3-43F9-4061-8BA7-A01B1829DAB4}
		{EECFC2FB-311E-47C5-84B7-4C4BE5A2466F} = {3D2485C9-A3B5-4F1F-BCA7-8B3E447EC284}
		{44948CA3-00F5-476F-B551-BD583738686A} = {7A98AB9B-C6CF-481B-8E7E-C72F75FB76AC}
		{E88B1C16-7A3C-4DDF-A0E9-8AB7241CB3E0} = {C6A4794A-0E16-4670-B7F1-6EFFEEB01A83}
		{B4D3424C-699F-4A2E-9752-5062A99830B6} = {7F5A8CF3-82BD-48A3-99F0-F99A54B12CCC}
		{DD4410AB-155C-421E-BDF2-CF83BF373D39} = {3ACE1D73-8BB4-4247-9FB2-2C255AE81956}
		{21A429E0-15CA-489B-A49E-48FDB3710C16} = {E96080B3-43F9-4061-8BA7-A01B1829DAB4}
		{9293C5AE-E5D5-4764-A6BE-D64F05C1452A} = {3D2485C9-A3B5-4F1F-BCA7-8B3E447EC284}
		{34312D5A-AF02-41A5-9E75-782D6FBB4897} = {3D2485C9-A3B5-4F1F-BCA7-8B3E447EC284}
		{C4412F57-5492-469C-8C70-B8186A45FBAD} = {3D2485C9-A3B5-4F1F-BCA7-8B3E447EC284}
		{3DED816D-A42D-40D9-9033-E8A9786F67E9} = {3D2485C9-A3B5-4F1F-BCA7-8B3E447EC284}
		{EC9A15B1-671B-4B9F-B610-D73870344F5D} = {3D2485C9-A3B5-4F1F-BCA7-8B3E447EC284}
		{49992720-7E9D-4D16-A2A2-46DC3AC90B26} = {7F5A8CF3-82BD-48A3-99F0-F99A54B12CCC}
		{D0D4CC91-CA16-4D06-BA73-4473C720443C} = {7F5A8CF3-82BD-48A3-99F0-F99A54B12CCC}
		{9800A553-51D5-46AB-A9DC-B402AB141F3E} = {7F5A8CF3-82BD-48A3-99F0-F99A54B12CCC}
		{243FDCC7-BAA4-462A-A54C-3E3F1A118CBB} = {3D2485C9-A3B5-4F1F-BCA7-8B3E447EC284}
		{0F1F8D33-FC3C-4301-8608-8D0446ECF87C} = {3D2485C9-A3B5-4F1F-BCA7-8B3E447EC284}
	EndGlobalSection
	GlobalSection(ExtensibilityGlobals) = postSolution
		SolutionGuid = {13DC52A3-AC32-4D13-8FD1-1184379DF930}
	EndGlobalSection
EndGlobal
